<?xml version="1.0" encoding="utf-8"?>
<Project ToolsVersion="4.0" xmlns="http://schemas.microsoft.com/developer/msbuild/2003">
  <ItemGroup>
    <Filter Include="Source Files">
      <UniqueIdentifier>{4FC737F1-C7A5-4376-A066-2A32D752A2FF}</UniqueIdentifier>
      <Extensions>cpp;c;cc;cxx;def;odl;idl;hpj;bat;asm;asmx</Extensions>
    </Filter>
    <Filter Include="Header Files">
      <UniqueIdentifier>{93995380-89BD-4b04-88EB-625FBE52EBFB}</UniqueIdentifier>
      <Extensions>h;hh;hpp;hxx;hm;inl;inc;xsd</Extensions>
    </Filter>
    <Filter Include="Resource Files">
      <UniqueIdentifier>{67DA6AB6-F800-4c08-8B7A-83BB121AAD01}</UniqueIdentifier>
      <Extensions>rc;ico;cur;bmp;dlg;rc2;rct;bin;rgs;gif;jpg;jpeg;jpe;resx;tiff;tif;png;wav;mfcribbon-ms</Extensions>
    </Filter>
    <Filter Include="Source Files\layers">
      <UniqueIdentifier>{5a12b912-05e2-469d-bc24-4b07089d250d}</UniqueIdentifier>
    </Filter>
    <Filter Include="Header Files\layers">
      <UniqueIdentifier>{28101275-32ce-4759-bf55-73d4ab0eb408}</UniqueIdentifier>
    </Filter>
  </ItemGroup>
  <ItemGroup>
    <ClCompile Include="src\main.cpp">
      <Filter>Source Files</Filter>
    </ClCompile>
    <ClCompile Include="src\LD32Application.cpp">
      <Filter>Source Files</Filter>
    </ClCompile>
    <ClCompile Include="src\layers\UILayer.cpp">
      <Filter>Source Files\layers</Filter>
    </ClCompile>
    <ClCompile Include="src\level\Level.cpp">
      <Filter>Source Files</Filter>
    </ClCompile>
    <ClCompile Include="src\level\entity\Entity.cpp">
      <Filter>Source Files</Filter>
    </ClCompile>
    <ClCompile Include="src\level\entity\Player.cpp">
      <Filter>Source Files</Filter>
    </ClCompile>
    <ClCompile Include="src\layers\LevelLayer.cpp">
      <Filter>Source Files</Filter>
    </ClCompile>
    <ClCompile Include="src\layers\DebugLayer.cpp">
      <Filter>Source Files</Filter>
    </ClCompile>
    <ClCompile Include="src\level\objects\LevelObject.cpp">
      <Filter>Source Files</Filter>
    </ClCompile>
    <ClCompile Include="src\level\projectiles\TimeProjectile.cpp">
      <Filter>Source Files</Filter>
    </ClCompile>
    <ClCompile Include="src\level\projectiles\Projectile.cpp">
      <Filter>Source Files</Filter>
    </ClCompile>
    <ClCompile Include="src\level\Nuke.cpp">
      <Filter>Source Files</Filter>
    </ClCompile>
    <ClCompile Include="src\level\entity\enemies\Fighter.cpp">
      <Filter>Source Files</Filter>
    </ClCompile>
    <ClCompile Include="src\level\items\Shield.cpp">
      <Filter>Source Files</Filter>
    </ClCompile>
    <ClCompile Include="src\menu\MainMenu.cpp">
      <Filter>Source Files</Filter>
    </ClCompile>
    <ClCompile Include="src\menu\GameOverMenu.cpp">
      <Filter>Source Files</Filter>
    </ClCompile>
    <ClCompile Include="src\menu\AboutMenu.cpp">
      <Filter>Source Files</Filter>
    </ClCompile>
    <ClCompile Include="src\menu\HelpMenu.cpp">
      <Filter>Source Files</Filter>
    </ClCompile>
  </ItemGroup>
  <ItemGroup>
    <ClInclude Include="src\LD32Application.h">
      <Filter>Source Files</Filter>
    </ClInclude>
    <ClInclude Include="src\layers\UILayer.h">
      <Filter>Header Files\layers</Filter>
    </ClInclude>
    <ClInclude Include="src\level\Level.h">
      <Filter>Header Files</Filter>
    </ClInclude>
    <ClInclude Include="src\level\entity\Entity.h">
      <Filter>Header Files</Filter>
    </ClInclude>
    <ClInclude Include="src\level\entity\Player.h">
      <Filter>Header Files</Filter>
    </ClInclude>
    <ClInclude Include="src\layers\LevelLayer.h">
      <Filter>Header Files</Filter>
    </ClInclude>
    <ClInclude Include="src\layers\DebugLayer.h">
      <Filter>Header Files</Filter>
    </ClInclude>
    <ClInclude Include="src\level\objects\LevelObject.h">
      <Filter>Header Files</Filter>
    </ClInclude>
    <ClInclude Include="src\level\projectiles\TimeProjectile.h">
      <Filter>Header Files</Filter>
    </ClInclude>
    <ClInclude Include="src\level\projectiles\Projectile.h">
      <Filter>Header Files</Filter>
    </ClInclude>
    <ClInclude Include="src\level\Nuke.h">
      <Filter>Header Files</Filter>
    </ClInclude>
    <ClInclude Include="src\level\entity\enemies\Fighter.h">
      <Filter>Header Files</Filter>
    </ClInclude>
    <ClInclude Include="src\level\items\Item.h">
      <Filter>Header Files</Filter>
    </ClInclude>
    <ClInclude Include="src\level\items\Shield.h">
      <Filter>Header Files</Filter>
    </ClInclude>
    <ClInclude Include="src\menu\Menu.h">
      <Filter>Header Files</Filter>
    </ClInclude>
    <ClInclude Include="src\menu\MainMenu.h">
      <Filter>Header Files</Filter>
    </ClInclude>
    <ClInclude Include="src\State.h">
      <Filter>Header Files</Filter>
    </ClInclude>
    <ClInclude Include="src\level\Portal.h">
      <Filter>Header Files</Filter>
    </ClInclude>
    <ClInclude Include="src\menu\GameOverMenu.h">
      <Filter>Header Files</Filter>
    </ClInclude>
    <ClInclude Include="src\menu\AboutMenu.h">
      <Filter>Header Files</Filter>
    </ClInclude>
    <ClInclude Include="src\menu\HelpMenu.h">
      <Filter>Header Files</Filter>
    </ClInclude>
  </ItemGroup>
  <ItemGroup>
    <None Include="shaders\ui.vert" />
    <None Include="shaders\ui.frag" />
    <None Include="shaders\level.frag" />
    <None Include="shaders\level.vert" />
    <None Include="shaders\es3\ui.es3.vert" />
    <None Include="shaders\es3\level.es3.frag" />
    <None Include="shaders\es3\level.es3.vert" />
    <None Include="shaders\es3\ui.es3.frag" />
  </ItemGroup>
</Project>